
Microsoft Visual Studio Solution File, Format Version 12.00
# Visual Studio Version 16
VisualStudioVersion = 16.0.29806.167
MinimumVisualStudioVersion = 10.0.40219.1
Project("{9A19103F-16F7-4668-BE54-9A1E7A4F7556}") = "Template", "Template\Template.csproj", "{6320DFD8-E27B-4E4B-912F-BFD2951ECD83}"
EndProject
Project("{2150E333-8FDC-42A3-9474-1A3956D46DE8}") = "1-Web", "1-Web", "{5FDDA9FF-71E5-4C2C-9DAB-8EB130EE9410}"
EndProject
Project("{2150E333-8FDC-42A3-9474-1A3956D46DE8}") = "2-Application", "2-Application", "{5ADA0AA9-2348-4872-9BE6-05B5935E77ED}"
EndProject
Project("{2150E333-8FDC-42A3-9474-1A3956D46DE8}") = "3-Domain", "3-Domain", "{CA5C55F7-FBA6-42FC-B21D-9175306A4897}"
EndProject
Project("{2150E333-8FDC-42A3-9474-1A3956D46DE8}") = "4-Infra", "4-Infra", "{32B5710B-7A1E-4490-BF06-E9940194DAD1}"
EndProject
Project("{9A19103F-16F7-4668-BE54-9A1E7A4F7556}") = "Template.Application", "Template.Application\Template.Application.csproj", "{EC79EA08-438C-4ED8-BD16-9C1975A9756F}"
EndProject
Project("{9A19103F-16F7-4668-BE54-9A1E7A4F7556}") = "Template.Domain", "Template.Domain\Template.Domain.csproj", "{B5A019DD-7D6D-4EBC-BE6F-D8317F0059CE}"
EndProject
Project("{2150E333-8FDC-42A3-9474-1A3956D46DE8}") = "4.1-Data", "4.1-Data", "{CA6EFB8A-8096-44F6-92C4-C1D3D358B126}"
EndProject
Project("{2150E333-8FDC-42A3-9474-1A3956D46DE8}") = "4.2-CrossCutting", "4.2-CrossCutting", "{D1622043-B330-4635-A337-284F24CD86C6}"
EndProject
Project("{9A19103F-16F7-4668-BE54-9A1E7A4F7556}") = "Template.Data", "Template.Data\Template.Data.csproj", "{6E215AC8-4ADD-4327-8E09-496D86A7866E}"
EndProject
Project("{9A19103F-16F7-4668-BE54-9A1E7A4F7556}") = "Template.IoC", "Template.IoC\Template.IoC.csproj", "{EBB690B0-6FC8-49FE-BCF9-E649B086718B}"
EndProject
Project("{9A19103F-16F7-4668-BE54-9A1E7A4F7556}") = "Template.Swagger", "Template.Swagger\Template.Swagger.csproj", "{43BD5FC5-686A-47C3-8B0D-C479ABD05F16}"
EndProject
Project("{FAE04EC0-301F-11D3-BF4B-00C04F79EFBC}") = "Template.Auth", "Template.Auth\Template.Auth.csproj", "{1A3A29A3-99CC-4EAF-B947-55DCAC33767B}"
EndProject
Global
	GlobalSection(SolutionConfigurationPlatforms) = preSolution
		Debug|Any CPU = Debug|Any CPU
		Release|Any CPU = Release|Any CPU
	EndGlobalSection
	GlobalSection(ProjectConfigurationPlatforms) = postSolution
		{6320DFD8-E27B-4E4B-912F-BFD2951ECD83}.Debug|Any CPU.ActiveCfg = Debug|Any CPU
		{6320DFD8-E27B-4E4B-912F-BFD2951ECD83}.Debug|Any CPU.Build.0 = Debug|Any CPU
		{6320DFD8-E27B-4E4B-912F-BFD2951ECD83}.Release|Any CPU.ActiveCfg = Release|Any CPU
		{6320DFD8-E27B-4E4B-912F-BFD2951ECD83}.Release|Any CPU.Build.0 = Release|Any CPU
		{EC79EA08-438C-4ED8-BD16-9C1975A9756F}.Debug|Any CPU.ActiveCfg = Debug|Any CPU
		{EC79EA08-438C-4ED8-BD16-9C1975A9756F}.Debug|Any CPU.Build.0 = Debug|Any CPU
		{EC79EA08-438C-4ED8-BD16-9C1975A9756F}.Release|Any CPU.ActiveCfg = Release|Any CPU
		{EC79EA08-438C-4ED8-BD16-9C1975A9756F}.Release|Any CPU.Build.0 = Release|Any CPU
		{B5A019DD-7D6D-4EBC-BE6F-D8317F0059CE}.Debug|Any CPU.ActiveCfg = Debug|Any CPU
		{B5A019DD-7D6D-4EBC-BE6F-D8317F0059CE}.Debug|Any CPU.Build.0 = Debug|Any CPU
		{B5A019DD-7D6D-4EBC-BE6F-D8317F0059CE}.Release|Any CPU.ActiveCfg = Release|Any CPU
		{B5A019DD-7D6D-4EBC-BE6F-D8317F0059CE}.Release|Any CPU.Build.0 = Release|Any CPU
		{6E215AC8-4ADD-4327-8E09-496D86A7866E}.Debug|Any CPU.ActiveCfg = Debug|Any CPU
		{6E215AC8-4ADD-4327-8E09-496D86A7866E}.Debug|Any CPU.Build.0 = Debug|Any CPU
		{6E215AC8-4ADD-4327-8E09-496D86A7866E}.Release|Any CPU.ActiveCfg = Release|Any CPU
		{6E215AC8-4ADD-4327-8E09-496D86A7866E}.Release|Any CPU.Build.0 = Release|Any CPU
		{EBB690B0-6FC8-49FE-BCF9-E649B086718B}.Debug|Any CPU.ActiveCfg = Debug|Any CPU
		{EBB690B0-6FC8-49FE-BCF9-E649B086718B}.Debug|Any CPU.Build.0 = Debug|Any CPU
		{EBB690B0-6FC8-49FE-BCF9-E649B086718B}.Release|Any CPU.ActiveCfg = Release|Any CPU
		{EBB690B0-6FC8-49FE-BCF9-E649B086718B}.Release|Any CPU.Build.0 = Release|Any CPU
		{43BD5FC5-686A-47C3-8B0D-C479ABD05F16}.Debug|Any CPU.ActiveCfg = Debug|Any CPU
		{43BD5FC5-686A-47C3-8B0D-C479ABD05F16}.Debug|Any CPU.Build.0 = Debug|Any CPU
		{43BD5FC5-686A-47C3-8B0D-C479ABD05F16}.Release|Any CPU.ActiveCfg = Release|Any CPU
		{43BD5FC5-686A-47C3-8B0D-C479ABD05F16}.Release|Any CPU.Build.0 = Release|Any CPU
		{1A3A29A3-99CC-4EAF-B947-55DCAC33767B}.Debug|Any CPU.ActiveCfg = Debug|Any CPU
		{1A3A29A3-99CC-4EAF-B947-55DCAC33767B}.Debug|Any CPU.Build.0 = Debug|Any CPU
		{1A3A29A3-99CC-4EAF-B947-55DCAC33767B}.Release|Any CPU.ActiveCfg = Release|Any CPU
		{1A3A29A3-99CC-4EAF-B947-55DCAC33767B}.Release|Any CPU.Build.0 = Release|Any CPU
	EndGlobalSection
	GlobalSection(SolutionProperties) = preSolution
		HideSolutionNode = FALSE
	EndGlobalSection
	GlobalSection(NestedProjects) = preSolution
		{6320DFD8-E27B-4E4B-912F-BFD2951ECD83} = {5FDDA9FF-71E5-4C2C-9DAB-8EB130EE9410}
		{EC79EA08-438C-4ED8-BD16-9C1975A9756F} = {5ADA0AA9-2348-4872-9BE6-05B5935E77ED}
		{B5A019DD-7D6D-4EBC-BE6F-D8317F0059CE} = {CA5C55F7-FBA6-42FC-B21D-9175306A4897}
		{CA6EFB8A-8096-44F6-92C4-C1D3D358B126} = {32B5710B-7A1E-4490-BF06-E9940194DAD1}
		{D1622043-B330-4635-A337-284F24CD86C6} = {32B5710B-7A1E-4490-BF06-E9940194DAD1}
		{6E215AC8-4ADD-4327-8E09-496D86A7866E} = {CA6EFB8A-8096-44F6-92C4-C1D3D358B126}
		{EBB690B0-6FC8-49FE-BCF9-E649B086718B} = {D1622043-B330-4635-A337-284F24CD86C6}
		{43BD5FC5-686A-47C3-8B0D-C479ABD05F16} = {D1622043-B330-4635-A337-284F24CD86C6}
		{1A3A29A3-99CC-4EAF-B947-55DCAC33767B} = {D1622043-B330-4635-A337-284F24CD86C6}
	EndGlobalSection
	GlobalSection(ExtensibilityGlobals) = postSolution
		SolutionGuid = {F53D0144-A66D-447B-87B9-5ACE17D16941}
	EndGlobalSection
EndGlobal
